
Microsoft Visual Studio Solution File, Format Version 12.00
Project("{FAE04EC0-301F-11D3-BF4B-00C04F79EFBC}") = "Nocturne.Prism", "Nocturne.Prism\Nocturne.Prism.csproj", "{FF165610-6018-49AD-B930-80B1406DCC01}"
EndProject
Project("{FAE04EC0-301F-11D3-BF4B-00C04F79EFBC}") = "Nocturne.Constellation", "Nocturne.Constellation\Nocturne.Constellation.csproj", "{20604DF2-A0FC-46A9-9B22-80FABED6662A}"
EndProject
Project("{FAE04EC0-301F-11D3-BF4B-00C04F79EFBC}") = "Nocturne.Catalyst", "Nocturne.Catalyst\Nocturne.Catalyst.csproj", "{5D30CF8A-685F-4A1B-83EE-E37D4FDD98D5}"
EndProject
Project("{FAE04EC0-301F-11D3-BF4B-00C04F79EFBC}") = "Nocturne.Sparks", "Nocturne.Sparks\Nocturne.Sparks.csproj", "{F95A9CFF-CACF-4F27-902B-ECB880603350}"
EndProject
Project("{FAE04EC0-301F-11D3-BF4B-00C04F79EFBC}") = "Nocturne.Lens", "Nocturne.Lens\Nocturne.Lens.csproj", "{5701712E-DE61-4C7E-8258-9880D1ED6333}"
EndProject
Project("{FAE04EC0-301F-11D3-BF4B-00C04F79EFBC}") = "Nocturne.Pulse", "Nocturne.Pulse\Nocturne.Pulse.csproj", "{619CDAF7-99F0-4B65-81BD-78A9A786E3CC}"
EndProject
Project("{FAE04EC0-301F-11D3-BF4B-00C04F79EFBC}") = "Nocturne.CLI", "Nocturne.CLI\Nocturne.CLI.csproj", "{AAFBD2D2-C649-46E0-BA7B-BC0159F90FFB}"
EndProject
Project("{FAE04EC0-301F-11D3-BF4B-00C04F79EFBC}") = "Nocturne.UI", "Nocturne.UI\Nocturne.UI.csproj", "{E14D1057-71BC-4DFD-AF12-89CF791EB38A}"
EndProject
Project("{2150E333-8FDC-42A3-9474-1A3956D46DE8}") = "docs", "docs", "{B1FFC7D7-75C6-4A96-B2C0-B55E10BD2676}"
	ProjectSection(SolutionItems) = preProject
		..\..\OneDrive\Desktop\Docs\repo-readme.md = ..\..\OneDrive\Desktop\Docs\repo-readme.md
		..\..\OneDrive\Desktop\Docs\repo-update-2.2.md = ..\..\OneDrive\Desktop\Docs\repo-update-2.2.md
	EndProjectSection
EndProject
Project("{FAE04EC0-301F-11D3-BF4B-00C04F79EFBC}") = "Nocturne.Surface", "Nocturne.Surface\Nocturne.Surface.csproj", "{A40DC4FD-62F4-4BC1-9078-E179F5444427}"
EndProject
Project("{FAE04EC0-301F-11D3-BF4B-00C04F79EFBC}") = "Nocturne.Abstractions", "Nocturne.Abstractions\Nocturne.Abstractions.csproj", "{2CB29DBE-CF77-4DFF-A427-CE48436641AC}"
EndProject
Project("{FAE04EC0-301F-11D3-BF4B-00C04F79EFBC}") = "Nocturne.Samples", "..\PrismX.SDK\Nocturne.Samples - Copy\Nocturne.Samples.csproj", "{8352CF2F-1F7B-451F-9070-B5FDA6778CF5}"
EndProject
Project("{FAE04EC0-301F-11D3-BF4B-00C04F79EFBC}") = "Nocturne.Genesis", "Nocturne.Genesis\Nocturne.Genesis.csproj", "{AC095057-4A65-433D-B85D-D57F870A6B5B}"
EndProject
Project("{2150E333-8FDC-42A3-9474-1A3956D46DE8}") = "architecture", "architecture", "{7F03B8A5-1036-4E22-818E-99B5FF7EF713}"
	ProjectSection(SolutionItems) = preProject
		..\..\OneDrive\Desktop\Docs\new\approval-loops.md = ..\..\OneDrive\Desktop\Docs\new\approval-loops.md
		..\..\OneDrive\Desktop\Docs\new\architectural-principles.md = ..\..\OneDrive\Desktop\Docs\new\architectural-principles.md
		..\..\OneDrive\Desktop\Docs\new\artifact-immutability.md = ..\..\OneDrive\Desktop\Docs\new\artifact-immutability.md
		..\..\OneDrive\Desktop\Docs\new\authority-model.md = ..\..\OneDrive\Desktop\Docs\new\authority-model.md
		..\..\OneDrive\Desktop\Docs\new\constellation-schemas.md = ..\..\OneDrive\Desktop\Docs\new\constellation-schemas.md
		..\..\OneDrive\Desktop\Docs\new\genesis-core.md = ..\..\OneDrive\Desktop\Docs\new\genesis-core.md
		..\..\OneDrive\Desktop\Docs\new\ingestion-umbra.md = ..\..\OneDrive\Desktop\Docs\new\ingestion-umbra.md
		..\..\OneDrive\Desktop\Docs\new\ingestion-umbra-maw.md = ..\..\OneDrive\Desktop\Docs\new\ingestion-umbra-maw.md
		..\..\OneDrive\Desktop\Docs\new\narrative-modifiers.md = ..\..\OneDrive\Desktop\Docs\new\narrative-modifiers.md
		..\..\OneDrive\Desktop\Docs\new\nocturne-primer.md = ..\..\OneDrive\Desktop\Docs\new\nocturne-primer.md
		..\..\OneDrive\Desktop\Docs\new\runtime-catalyst.md = ..\..\OneDrive\Desktop\Docs\new\runtime-catalyst.md
		..\..\OneDrive\Desktop\Docs\new\runtime-pulse.md = ..\..\OneDrive\Desktop\Docs\new\runtime-pulse.md
		..\..\OneDrive\Desktop\Docs\new\session-boundary.md = ..\..\OneDrive\Desktop\Docs\new\session-boundary.md
		..\..\OneDrive\Desktop\Docs\new\universal-contract.md = ..\..\OneDrive\Desktop\Docs\new\universal-contract.md
	EndProjectSection
EndProject
Project("{2150E333-8FDC-42A3-9474-1A3956D46DE8}") = "modules", "modules", "{2A4C9749-361A-49C5-A837-4F389C248358}"
EndProject
Project("{2150E333-8FDC-42A3-9474-1A3956D46DE8}") = "umbra", "umbra", "{D102BD29-A37E-489D-8BCD-418ABADB74FE}"
	ProjectSection(SolutionItems) = preProject
		..\..\OneDrive\Desktop\Docs\new\umbra.md = ..\..\OneDrive\Desktop\Docs\new\umbra.md
	EndProjectSection
EndProject
Project("{2150E333-8FDC-42A3-9474-1A3956D46DE8}") = "umbra.maw", "umbra.maw", "{3715A2EC-7563-4D38-B1D1-21E9139654ED}"
	ProjectSection(SolutionItems) = preProject
		..\..\OneDrive\Desktop\Docs\new\maw-readme.md = ..\..\OneDrive\Desktop\Docs\new\maw-readme.md
	EndProjectSection
EndProject
Project("{2150E333-8FDC-42A3-9474-1A3956D46DE8}") = "genesis", "genesis", "{6145596B-4EC4-4A93-8897-22EBFA29EE2B}"
	ProjectSection(SolutionItems) = preProject
		..\..\OneDrive\Desktop\Docs\new\genesis-readme.md = ..\..\OneDrive\Desktop\Docs\new\genesis-readme.md
	EndProjectSection
EndProject
Project("{2150E333-8FDC-42A3-9474-1A3956D46DE8}") = "lens", "lens", "{AC6B71F6-1BD2-42CF-9FA3-445C657F33F8}"
	ProjectSection(SolutionItems) = preProject
		..\..\OneDrive\Desktop\Docs\new\lens.md = ..\..\OneDrive\Desktop\Docs\new\lens.md
	EndProjectSection
EndProject
Project("{2150E333-8FDC-42A3-9474-1A3956D46DE8}") = "catalyst", "catalyst", "{84D722F6-3B62-406B-9CD6-AC7B3D9585B2}"
	ProjectSection(SolutionItems) = preProject
		..\..\OneDrive\Desktop\Docs\new\catalyst-readme.md = ..\..\OneDrive\Desktop\Docs\new\catalyst-readme.md
	EndProjectSection
EndProject
Project("{2150E333-8FDC-42A3-9474-1A3956D46DE8}") = "constellation", "constellation", "{212081D8-8E90-40A1-A8BD-3978BE50C086}"
	ProjectSection(SolutionItems) = preProject
		..\..\OneDrive\Desktop\Docs\new\constellation-readme.md = ..\..\OneDrive\Desktop\Docs\new\constellation-readme.md
	EndProjectSection
EndProject
Project("{2150E333-8FDC-42A3-9474-1A3956D46DE8}") = "prism", "prism", "{8C8C0A3F-BEFB-4798-A747-6BE2FBDFE1C3}"
	ProjectSection(SolutionItems) = preProject
		..\..\OneDrive\Desktop\Docs\new\prism-readme.md = ..\..\OneDrive\Desktop\Docs\new\prism-readme.md
	EndProjectSection
EndProject
Project("{2150E333-8FDC-42A3-9474-1A3956D46DE8}") = "pulse", "pulse", "{98D1BDAA-BE14-4C07-9DB4-5CAC2A52863E}"
	ProjectSection(SolutionItems) = preProject
		..\..\OneDrive\Desktop\Docs\new\pulse-readme.md = ..\..\OneDrive\Desktop\Docs\new\pulse-readme.md
	EndProjectSection
EndProject
Project("{2150E333-8FDC-42A3-9474-1A3956D46DE8}") = "samples", "samples", "{A2C9968F-2614-4F02-818C-335938ABAB5D}"
EndProject
Project("{FAE04EC0-301F-11D3-BF4B-00C04F79EFBC}") = "Nocturne.TestHarness", "Nocturne.TestHarness\Nocturne.TestHarness.csproj", "{7F19B7DD-30B4-4E26-B1A0-5BB3FB48BCF7}"
EndProject
Project("{FAE04EC0-301F-11D3-BF4B-00C04F79EFBC}") = "RunnerHarness", "RunnerHarness\RunnerHarness.csproj", "{D77E0CB8-78A4-4564-9603-669567F04119}"
EndProject
Global
	GlobalSection(SolutionConfigurationPlatforms) = preSolution
		Debug|Any CPU = Debug|Any CPU
		Release|Any CPU = Release|Any CPU
	EndGlobalSection
	GlobalSection(ProjectConfigurationPlatforms) = postSolution
		{FF165610-6018-49AD-B930-80B1406DCC01}.Debug|Any CPU.ActiveCfg = Debug|Any CPU
		{FF165610-6018-49AD-B930-80B1406DCC01}.Debug|Any CPU.Build.0 = Debug|Any CPU
		{FF165610-6018-49AD-B930-80B1406DCC01}.Release|Any CPU.ActiveCfg = Release|Any CPU
		{FF165610-6018-49AD-B930-80B1406DCC01}.Release|Any CPU.Build.0 = Release|Any CPU
		{20604DF2-A0FC-46A9-9B22-80FABED6662A}.Debug|Any CPU.ActiveCfg = Debug|Any CPU
		{20604DF2-A0FC-46A9-9B22-80FABED6662A}.Debug|Any CPU.Build.0 = Debug|Any CPU
		{20604DF2-A0FC-46A9-9B22-80FABED6662A}.Release|Any CPU.ActiveCfg = Release|Any CPU
		{20604DF2-A0FC-46A9-9B22-80FABED6662A}.Release|Any CPU.Build.0 = Release|Any CPU
		{5D30CF8A-685F-4A1B-83EE-E37D4FDD98D5}.Debug|Any CPU.ActiveCfg = Debug|Any CPU
		{5D30CF8A-685F-4A1B-83EE-E37D4FDD98D5}.Debug|Any CPU.Build.0 = Debug|Any CPU
		{5D30CF8A-685F-4A1B-83EE-E37D4FDD98D5}.Release|Any CPU.ActiveCfg = Release|Any CPU
		{5D30CF8A-685F-4A1B-83EE-E37D4FDD98D5}.Release|Any CPU.Build.0 = Release|Any CPU
		{F95A9CFF-CACF-4F27-902B-ECB880603350}.Debug|Any CPU.ActiveCfg = Debug|Any CPU
		{F95A9CFF-CACF-4F27-902B-ECB880603350}.Debug|Any CPU.Build.0 = Debug|Any CPU
		{F95A9CFF-CACF-4F27-902B-ECB880603350}.Release|Any CPU.ActiveCfg = Release|Any CPU
		{F95A9CFF-CACF-4F27-902B-ECB880603350}.Release|Any CPU.Build.0 = Release|Any CPU
		{5701712E-DE61-4C7E-8258-9880D1ED6333}.Debug|Any CPU.ActiveCfg = Debug|Any CPU
		{5701712E-DE61-4C7E-8258-9880D1ED6333}.Debug|Any CPU.Build.0 = Debug|Any CPU
		{5701712E-DE61-4C7E-8258-9880D1ED6333}.Release|Any CPU.ActiveCfg = Release|Any CPU
		{5701712E-DE61-4C7E-8258-9880D1ED6333}.Release|Any CPU.Build.0 = Release|Any CPU
		{619CDAF7-99F0-4B65-81BD-78A9A786E3CC}.Debug|Any CPU.ActiveCfg = Debug|Any CPU
		{619CDAF7-99F0-4B65-81BD-78A9A786E3CC}.Debug|Any CPU.Build.0 = Debug|Any CPU
		{619CDAF7-99F0-4B65-81BD-78A9A786E3CC}.Release|Any CPU.ActiveCfg = Release|Any CPU
		{619CDAF7-99F0-4B65-81BD-78A9A786E3CC}.Release|Any CPU.Build.0 = Release|Any CPU
		{AAFBD2D2-C649-46E0-BA7B-BC0159F90FFB}.Debug|Any CPU.ActiveCfg = Debug|Any CPU
		{AAFBD2D2-C649-46E0-BA7B-BC0159F90FFB}.Debug|Any CPU.Build.0 = Debug|Any CPU
		{AAFBD2D2-C649-46E0-BA7B-BC0159F90FFB}.Release|Any CPU.ActiveCfg = Release|Any CPU
		{AAFBD2D2-C649-46E0-BA7B-BC0159F90FFB}.Release|Any CPU.Build.0 = Release|Any CPU
		{E14D1057-71BC-4DFD-AF12-89CF791EB38A}.Debug|Any CPU.ActiveCfg = Debug|Any CPU
		{E14D1057-71BC-4DFD-AF12-89CF791EB38A}.Debug|Any CPU.Build.0 = Debug|Any CPU
		{E14D1057-71BC-4DFD-AF12-89CF791EB38A}.Release|Any CPU.ActiveCfg = Release|Any CPU
		{E14D1057-71BC-4DFD-AF12-89CF791EB38A}.Release|Any CPU.Build.0 = Release|Any CPU
		{A40DC4FD-62F4-4BC1-9078-E179F5444427}.Debug|Any CPU.ActiveCfg = Debug|Any CPU
		{A40DC4FD-62F4-4BC1-9078-E179F5444427}.Debug|Any CPU.Build.0 = Debug|Any CPU
		{A40DC4FD-62F4-4BC1-9078-E179F5444427}.Release|Any CPU.ActiveCfg = Release|Any CPU
		{A40DC4FD-62F4-4BC1-9078-E179F5444427}.Release|Any CPU.Build.0 = Release|Any CPU
		{2CB29DBE-CF77-4DFF-A427-CE48436641AC}.Debug|Any CPU.ActiveCfg = Debug|Any CPU
		{2CB29DBE-CF77-4DFF-A427-CE48436641AC}.Debug|Any CPU.Build.0 = Debug|Any CPU
		{2CB29DBE-CF77-4DFF-A427-CE48436641AC}.Release|Any CPU.ActiveCfg = Release|Any CPU
		{2CB29DBE-CF77-4DFF-A427-CE48436641AC}.Release|Any CPU.Build.0 = Release|Any CPU
		{8352CF2F-1F7B-451F-9070-B5FDA6778CF5}.Debug|Any CPU.ActiveCfg = Debug|Any CPU
		{8352CF2F-1F7B-451F-9070-B5FDA6778CF5}.Debug|Any CPU.Build.0 = Debug|Any CPU
		{8352CF2F-1F7B-451F-9070-B5FDA6778CF5}.Release|Any CPU.ActiveCfg = Release|Any CPU
		{8352CF2F-1F7B-451F-9070-B5FDA6778CF5}.Release|Any CPU.Build.0 = Release|Any CPU
		{AC095057-4A65-433D-B85D-D57F870A6B5B}.Debug|Any CPU.ActiveCfg = Debug|Any CPU
		{AC095057-4A65-433D-B85D-D57F870A6B5B}.Debug|Any CPU.Build.0 = Debug|Any CPU
		{AC095057-4A65-433D-B85D-D57F870A6B5B}.Release|Any CPU.ActiveCfg = Release|Any CPU
		{AC095057-4A65-433D-B85D-D57F870A6B5B}.Release|Any CPU.Build.0 = Release|Any CPU
		{7F19B7DD-30B4-4E26-B1A0-5BB3FB48BCF7}.Debug|Any CPU.ActiveCfg = Debug|Any CPU
		{7F19B7DD-30B4-4E26-B1A0-5BB3FB48BCF7}.Debug|Any CPU.Build.0 = Debug|Any CPU
		{7F19B7DD-30B4-4E26-B1A0-5BB3FB48BCF7}.Release|Any CPU.ActiveCfg = Release|Any CPU
		{7F19B7DD-30B4-4E26-B1A0-5BB3FB48BCF7}.Release|Any CPU.Build.0 = Release|Any CPU
		{D77E0CB8-78A4-4564-9603-669567F04119}.Debug|Any CPU.ActiveCfg = Debug|Any CPU
		{D77E0CB8-78A4-4564-9603-669567F04119}.Debug|Any CPU.Build.0 = Debug|Any CPU
		{D77E0CB8-78A4-4564-9603-669567F04119}.Release|Any CPU.ActiveCfg = Release|Any CPU
		{D77E0CB8-78A4-4564-9603-669567F04119}.Release|Any CPU.Build.0 = Release|Any CPU
	EndGlobalSection
	GlobalSection(NestedProjects) = preSolution
		{7F03B8A5-1036-4E22-818E-99B5FF7EF713} = {B1FFC7D7-75C6-4A96-B2C0-B55E10BD2676}
		{2A4C9749-361A-49C5-A837-4F389C248358} = {B1FFC7D7-75C6-4A96-B2C0-B55E10BD2676}
		{D102BD29-A37E-489D-8BCD-418ABADB74FE} = {2A4C9749-361A-49C5-A837-4F389C248358}
		{3715A2EC-7563-4D38-B1D1-21E9139654ED} = {2A4C9749-361A-49C5-A837-4F389C248358}
		{6145596B-4EC4-4A93-8897-22EBFA29EE2B} = {2A4C9749-361A-49C5-A837-4F389C248358}
		{AC6B71F6-1BD2-42CF-9FA3-445C657F33F8} = {2A4C9749-361A-49C5-A837-4F389C248358}
		{84D722F6-3B62-406B-9CD6-AC7B3D9585B2} = {2A4C9749-361A-49C5-A837-4F389C248358}
		{212081D8-8E90-40A1-A8BD-3978BE50C086} = {2A4C9749-361A-49C5-A837-4F389C248358}
		{8C8C0A3F-BEFB-4798-A747-6BE2FBDFE1C3} = {2A4C9749-361A-49C5-A837-4F389C248358}
		{98D1BDAA-BE14-4C07-9DB4-5CAC2A52863E} = {2A4C9749-361A-49C5-A837-4F389C248358}
		{A2C9968F-2614-4F02-818C-335938ABAB5D} = {B1FFC7D7-75C6-4A96-B2C0-B55E10BD2676}
	EndGlobalSection
EndGlobal
