
Microsoft Visual Studio Solution File, Format Version 12.00
Project("{FAE04EC0-301F-11D3-BF4B-00C04F79EFBC}") = "Nocturne.Prism", "Nocturne.Prism\Nocturne.Prism.csproj", "{FF165610-6018-49AD-B930-80B1406DCC01}"
EndProject
Project("{FAE04EC0-301F-11D3-BF4B-00C04F79EFBC}") = "Nocturne.Constellation", "Nocturne.Constellation\Nocturne.Constellation.csproj", "{20604DF2-A0FC-46A9-9B22-80FABED6662A}"
EndProject
Project("{FAE04EC0-301F-11D3-BF4B-00C04F79EFBC}") = "Nocturne.Catalyst", "Nocturne.Catalyst\Nocturne.Catalyst.csproj", "{5D30CF8A-685F-4A1B-83EE-E37D4FDD98D5}"
EndProject
Project("{FAE04EC0-301F-11D3-BF4B-00C04F79EFBC}") = "Nocturne.Sparks", "Nocturne.Sparks\Nocturne.Sparks.csproj", "{F95A9CFF-CACF-4F27-902B-ECB880603350}"
EndProject
Project("{FAE04EC0-301F-11D3-BF4B-00C04F79EFBC}") = "Nocturne.Lens", "Nocturne.Lens\Nocturne.Lens.csproj", "{5701712E-DE61-4C7E-8258-9880D1ED6333}"
EndProject
Project("{FAE04EC0-301F-11D3-BF4B-00C04F79EFBC}") = "Nocturne.Pulse", "Nocturne.Pulse\Nocturne.Pulse.csproj", "{619CDAF7-99F0-4B65-81BD-78A9A786E3CC}"
EndProject
Project("{FAE04EC0-301F-11D3-BF4B-00C04F79EFBC}") = "Nocturne.CLI", "Nocturne.CLI\Nocturne.CLI.csproj", "{AAFBD2D2-C649-46E0-BA7B-BC0159F90FFB}"
EndProject
Project("{FAE04EC0-301F-11D3-BF4B-00C04F79EFBC}") = "Nocturne.UI", "Nocturne.UI\Nocturne.UI.csproj", "{E14D1057-71BC-4DFD-AF12-89CF791EB38A}"
EndProject
Project("{2150E333-8FDC-42A3-9474-1A3956D46DE8}") = "docs", "docs", "{B1FFC7D7-75C6-4A96-B2C0-B55E10BD2676}"
	ProjectSection(SolutionItems) = preProject
		readme.md = readme.md
		changelog.md = changelog.md
		..\..\OneDrive\Desktop\Docs\quickstart.md = ..\..\OneDrive\Desktop\Docs\quickstart.md
		..\..\OneDrive\Desktop\setup-card.md = ..\..\OneDrive\Desktop\setup-card.md
		..\..\OneDrive\Desktop\Docs\sparks.md = ..\..\OneDrive\Desktop\Docs\sparks.md
		..\..\OneDrive\Desktop\Docs\genesis.md = ..\..\OneDrive\Desktop\Docs\genesis.md
		..\..\OneDrive\Desktop\Docs\nocturne-philosophy = ..\..\OneDrive\Desktop\Docs\nocturne-philosophy
	EndProjectSection
EndProject
Project("{FAE04EC0-301F-11D3-BF4B-00C04F79EFBC}") = "Nocturne.Surface", "Nocturne.Surface\Nocturne.Surface.csproj", "{A40DC4FD-62F4-4BC1-9078-E179F5444427}"
EndProject
Project("{FAE04EC0-301F-11D3-BF4B-00C04F79EFBC}") = "Nocturne.Abstractions", "Nocturne.Abstractions\Nocturne.Abstractions.csproj", "{2CB29DBE-CF77-4DFF-A427-CE48436641AC}"
EndProject
Project("{FAE04EC0-301F-11D3-BF4B-00C04F79EFBC}") = "Nocturne.Samples", "..\PrismX.SDK\Nocturne.Samples - Copy\Nocturne.Samples.csproj", "{8352CF2F-1F7B-451F-9070-B5FDA6778CF5}"
EndProject
Project("{FAE04EC0-301F-11D3-BF4B-00C04F79EFBC}") = "Nocturne.Genesis", "Nocturne.Genesis\Nocturne.Genesis.csproj", "{AC095057-4A65-433D-B85D-D57F870A6B5B}"
EndProject
Global
	GlobalSection(SolutionConfigurationPlatforms) = preSolution
		Debug|Any CPU = Debug|Any CPU
		Release|Any CPU = Release|Any CPU
	EndGlobalSection
	GlobalSection(ProjectConfigurationPlatforms) = postSolution
		{FF165610-6018-49AD-B930-80B1406DCC01}.Debug|Any CPU.ActiveCfg = Debug|Any CPU
		{FF165610-6018-49AD-B930-80B1406DCC01}.Debug|Any CPU.Build.0 = Debug|Any CPU
		{FF165610-6018-49AD-B930-80B1406DCC01}.Release|Any CPU.ActiveCfg = Release|Any CPU
		{FF165610-6018-49AD-B930-80B1406DCC01}.Release|Any CPU.Build.0 = Release|Any CPU
		{20604DF2-A0FC-46A9-9B22-80FABED6662A}.Debug|Any CPU.ActiveCfg = Debug|Any CPU
		{20604DF2-A0FC-46A9-9B22-80FABED6662A}.Debug|Any CPU.Build.0 = Debug|Any CPU
		{20604DF2-A0FC-46A9-9B22-80FABED6662A}.Release|Any CPU.ActiveCfg = Release|Any CPU
		{20604DF2-A0FC-46A9-9B22-80FABED6662A}.Release|Any CPU.Build.0 = Release|Any CPU
		{5D30CF8A-685F-4A1B-83EE-E37D4FDD98D5}.Debug|Any CPU.ActiveCfg = Debug|Any CPU
		{5D30CF8A-685F-4A1B-83EE-E37D4FDD98D5}.Debug|Any CPU.Build.0 = Debug|Any CPU
		{5D30CF8A-685F-4A1B-83EE-E37D4FDD98D5}.Release|Any CPU.ActiveCfg = Release|Any CPU
		{5D30CF8A-685F-4A1B-83EE-E37D4FDD98D5}.Release|Any CPU.Build.0 = Release|Any CPU
		{F95A9CFF-CACF-4F27-902B-ECB880603350}.Debug|Any CPU.ActiveCfg = Debug|Any CPU
		{F95A9CFF-CACF-4F27-902B-ECB880603350}.Debug|Any CPU.Build.0 = Debug|Any CPU
		{F95A9CFF-CACF-4F27-902B-ECB880603350}.Release|Any CPU.ActiveCfg = Release|Any CPU
		{F95A9CFF-CACF-4F27-902B-ECB880603350}.Release|Any CPU.Build.0 = Release|Any CPU
		{5701712E-DE61-4C7E-8258-9880D1ED6333}.Debug|Any CPU.ActiveCfg = Debug|Any CPU
		{5701712E-DE61-4C7E-8258-9880D1ED6333}.Debug|Any CPU.Build.0 = Debug|Any CPU
		{5701712E-DE61-4C7E-8258-9880D1ED6333}.Release|Any CPU.ActiveCfg = Release|Any CPU
		{5701712E-DE61-4C7E-8258-9880D1ED6333}.Release|Any CPU.Build.0 = Release|Any CPU
		{619CDAF7-99F0-4B65-81BD-78A9A786E3CC}.Debug|Any CPU.ActiveCfg = Debug|Any CPU
		{619CDAF7-99F0-4B65-81BD-78A9A786E3CC}.Debug|Any CPU.Build.0 = Debug|Any CPU
		{619CDAF7-99F0-4B65-81BD-78A9A786E3CC}.Release|Any CPU.ActiveCfg = Release|Any CPU
		{619CDAF7-99F0-4B65-81BD-78A9A786E3CC}.Release|Any CPU.Build.0 = Release|Any CPU
		{AAFBD2D2-C649-46E0-BA7B-BC0159F90FFB}.Debug|Any CPU.ActiveCfg = Debug|Any CPU
		{AAFBD2D2-C649-46E0-BA7B-BC0159F90FFB}.Debug|Any CPU.Build.0 = Debug|Any CPU
		{AAFBD2D2-C649-46E0-BA7B-BC0159F90FFB}.Release|Any CPU.ActiveCfg = Release|Any CPU
		{AAFBD2D2-C649-46E0-BA7B-BC0159F90FFB}.Release|Any CPU.Build.0 = Release|Any CPU
		{E14D1057-71BC-4DFD-AF12-89CF791EB38A}.Debug|Any CPU.ActiveCfg = Debug|Any CPU
		{E14D1057-71BC-4DFD-AF12-89CF791EB38A}.Debug|Any CPU.Build.0 = Debug|Any CPU
		{E14D1057-71BC-4DFD-AF12-89CF791EB38A}.Release|Any CPU.ActiveCfg = Release|Any CPU
		{E14D1057-71BC-4DFD-AF12-89CF791EB38A}.Release|Any CPU.Build.0 = Release|Any CPU
		{A40DC4FD-62F4-4BC1-9078-E179F5444427}.Debug|Any CPU.ActiveCfg = Debug|Any CPU
		{A40DC4FD-62F4-4BC1-9078-E179F5444427}.Debug|Any CPU.Build.0 = Debug|Any CPU
		{A40DC4FD-62F4-4BC1-9078-E179F5444427}.Release|Any CPU.ActiveCfg = Release|Any CPU
		{A40DC4FD-62F4-4BC1-9078-E179F5444427}.Release|Any CPU.Build.0 = Release|Any CPU
		{2CB29DBE-CF77-4DFF-A427-CE48436641AC}.Debug|Any CPU.ActiveCfg = Debug|Any CPU
		{2CB29DBE-CF77-4DFF-A427-CE48436641AC}.Debug|Any CPU.Build.0 = Debug|Any CPU
		{2CB29DBE-CF77-4DFF-A427-CE48436641AC}.Release|Any CPU.ActiveCfg = Release|Any CPU
		{2CB29DBE-CF77-4DFF-A427-CE48436641AC}.Release|Any CPU.Build.0 = Release|Any CPU
		{8352CF2F-1F7B-451F-9070-B5FDA6778CF5}.Debug|Any CPU.ActiveCfg = Debug|Any CPU
		{8352CF2F-1F7B-451F-9070-B5FDA6778CF5}.Debug|Any CPU.Build.0 = Debug|Any CPU
		{8352CF2F-1F7B-451F-9070-B5FDA6778CF5}.Release|Any CPU.ActiveCfg = Release|Any CPU
		{8352CF2F-1F7B-451F-9070-B5FDA6778CF5}.Release|Any CPU.Build.0 = Release|Any CPU
		{AC095057-4A65-433D-B85D-D57F870A6B5B}.Debug|Any CPU.ActiveCfg = Debug|Any CPU
		{AC095057-4A65-433D-B85D-D57F870A6B5B}.Debug|Any CPU.Build.0 = Debug|Any CPU
		{AC095057-4A65-433D-B85D-D57F870A6B5B}.Release|Any CPU.ActiveCfg = Release|Any CPU
		{AC095057-4A65-433D-B85D-D57F870A6B5B}.Release|Any CPU.Build.0 = Release|Any CPU
	EndGlobalSection
EndGlobal
